
Microsoft Visual Studio Solution File, Format Version 12.00
# Visual Studio 14
VisualStudioVersion = 14.0.24720.0
MinimumVisualStudioVersion = 10.0.40219.1
Project("{FAE04EC0-301F-11D3-BF4B-00C04F79EFBC}") = "home2", "workTwo\home2.csproj", "{F4EECCDC-359D-44A1-8AC6-E23CC1EF38FA}"
EndProject
Project("{FAE04EC0-301F-11D3-BF4B-00C04F79EFBC}") = "TestOfNet", "TestOfNet\TestOfNet.csproj", "{C0D80CBF-8C77-47A1-8B6F-A4B7CB288F2A}"
EndProject
Global
	GlobalSection(SolutionConfigurationPlatforms) = preSolution
		Debug|Any CPU = Debug|Any CPU
		Release|Any CPU = Release|Any CPU
	EndGlobalSection
	GlobalSection(ProjectConfigurationPlatforms) = postSolution
		{F4EECCDC-359D-44A1-8AC6-E23CC1EF38FA}.Debug|Any CPU.ActiveCfg = Debug|Any CPU
		{F4EECCDC-359D-44A1-8AC6-E23CC1EF38FA}.Debug|Any CPU.Build.0 = Debug|Any CPU
		{F4EECCDC-359D-44A1-8AC6-E23CC1EF38FA}.Release|Any CPU.ActiveCfg = Release|Any CPU
		{F4EECCDC-359D-44A1-8AC6-E23CC1EF38FA}.Release|Any CPU.Build.0 = Release|Any CPU
		{C0D80CBF-8C77-47A1-8B6F-A4B7CB288F2A}.Debug|Any CPU.ActiveCfg = Debug|Any CPU
		{C0D80CBF-8C77-47A1-8B6F-A4B7CB288F2A}.Debug|Any CPU.Build.0 = Debug|Any CPU
		{C0D80CBF-8C77-47A1-8B6F-A4B7CB288F2A}.Release|Any CPU.ActiveCfg = Release|Any CPU
		{C0D80CBF-8C77-47A1-8B6F-A4B7CB288F2A}.Release|Any CPU.Build.0 = Release|Any CPU
	EndGlobalSection
	GlobalSection(SolutionProperties) = preSolution
		HideSolutionNode = FALSE
	EndGlobalSection
EndGlobal
